
Microsoft Visual Studio Solution File, Format Version 12.00
# Visual Studio Version 17
VisualStudioVersion = 17.0.31919.166
MinimumVisualStudioVersion = 10.0.40219.1
Project("{FAE04EC0-301F-11D3-BF4B-00C04F79EFBC}") = "BasicRestApi", "BasicRestApi\BasicRestApi.csproj", "{63F240A3-22A7-4871-96E1-512632C27FCA}"
EndProject
Global
	GlobalSection(SolutionConfigurationPlatforms) = preSolution
		Debug|Any CPU = Debug|Any CPU
		Release|Any CPU = Release|Any CPU
	EndGlobalSection
	GlobalSection(ProjectConfigurationPlatforms) = postSolution
		{63F240A3-22A7-4871-96E1-512632C27FCA}.Debug|Any CPU.ActiveCfg = Debug|Any CPU
		{63F240A3-22A7-4871-96E1-512632C27FCA}.Debug|Any CPU.Build.0 = Debug|Any CPU
		{63F240A3-22A7-4871-96E1-512632C27FCA}.Release|Any CPU.ActiveCfg = Release|Any CPU
		{63F240A3-22A7-4871-96E1-512632C27FCA}.Release|Any CPU.Build.0 = Release|Any CPU
	EndGlobalSection
	GlobalSection(SolutionProperties) = preSolution
		HideSolutionNode = FALSE
	EndGlobalSection
	GlobalSection(ExtensibilityGlobals) = postSolution
		SolutionGuid = {AAFF589D-083E-47DE-A5C5-CAC5C5AF590E}
	EndGlobalSection
EndGlobal
